%{"earmark": {:hex, :earmark, "1.2.0", "bf1ce17aea43ab62f6943b97bd6e3dc032ce45d4f787504e3adf738e54b42f3a", [:mix], []},
  "json": {:hex, :json, "1.0.0", "4824dadb01e14395f65e9d18da294d534326d7eed77996f3c22f74a9870179eb", [:mix], [{:earmark, ">= 0.0.0", [hex: :earmark, optional: false]}]},
  "poison": {:hex, :poison, "3.1.0", "d9eb636610e096f86f25d9a46f35a9facac35609a7591b3be3326e99a0484665", [:mix], [], "hexpm"},
  "telegram_mt": {:git, "https://github.com/fnux/telegram-mt-elixir.git", "b32eb4abd502cad069682da112c8b5bb539e5281", []},
  "telegram_tl": {:git, "https://github.com/fnux/telegram-tl-elixir.git", "2a22570ebe09f011e5f36e0132dee42fd570328d", []}}
